
Microsoft Visual Studio Solution File, Format Version 12.00
# Visual Studio 15
Project("{FAE04EC0-301F-11D3-BF4B-00C04F79EFBC}") = "Assembly-CSharp", "Assembly-CSharp.csproj", "{DFE6C659-9232-645D-B30C-2DAB5FF63DD5}"
EndProject
Project("{FAE04EC0-301F-11D3-BF4B-00C04F79EFBC}") = "Assembly-CSharp-firstpass", "Assembly-CSharp-firstpass.csproj", "{E85C74DF-FBBC-4FB5-32A6-C92D80782531}"
EndProject
Project("{FAE04EC0-301F-11D3-BF4B-00C04F79EFBC}") = "Assembly-CSharp-Editor", "Assembly-CSharp-Editor.csproj", "{48C0DB10-8E6C-E5E1-46C2-1E84187734C7}"
EndProject
Global
	GlobalSection(SolutionConfigurationPlatforms) = preSolution
		Debug|Any CPU = Debug|Any CPU
		Release|Any CPU = Release|Any CPU
	EndGlobalSection
	GlobalSection(ProjectConfigurationPlatforms) = postSolution
		{DFE6C659-9232-645D-B30C-2DAB5FF63DD5}.Debug|Any CPU.ActiveCfg = Debug|Any CPU
		{DFE6C659-9232-645D-B30C-2DAB5FF63DD5}.Debug|Any CPU.Build.0 = Debug|Any CPU
		{DFE6C659-9232-645D-B30C-2DAB5FF63DD5}.Release|Any CPU.ActiveCfg = Release|Any CPU
		{DFE6C659-9232-645D-B30C-2DAB5FF63DD5}.Release|Any CPU.Build.0 = Release|Any CPU
		{E85C74DF-FBBC-4FB5-32A6-C92D80782531}.Debug|Any CPU.ActiveCfg = Debug|Any CPU
		{E85C74DF-FBBC-4FB5-32A6-C92D80782531}.Debug|Any CPU.Build.0 = Debug|Any CPU
		{E85C74DF-FBBC-4FB5-32A6-C92D80782531}.Release|Any CPU.ActiveCfg = Release|Any CPU
		{E85C74DF-FBBC-4FB5-32A6-C92D80782531}.Release|Any CPU.Build.0 = Release|Any CPU
		{48C0DB10-8E6C-E5E1-46C2-1E84187734C7}.Debug|Any CPU.ActiveCfg = Debug|Any CPU
		{48C0DB10-8E6C-E5E1-46C2-1E84187734C7}.Debug|Any CPU.Build.0 = Debug|Any CPU
		{48C0DB10-8E6C-E5E1-46C2-1E84187734C7}.Release|Any CPU.ActiveCfg = Release|Any CPU
		{48C0DB10-8E6C-E5E1-46C2-1E84187734C7}.Release|Any CPU.Build.0 = Release|Any CPU
	EndGlobalSection
	GlobalSection(SolutionProperties) = preSolution
		HideSolutionNode = FALSE
	EndGlobalSection
EndGlobal
